
Microsoft Visual Studio Solution File, Format Version 11.00
# Visual Studio 2010
Project("{E24C65DC-7377-472B-9ABA-BC803B73C61A}") = "studentlogin", "..\..\WebSites\studentlogin\", "{071D0366-52DF-4D23-B7AD-F4DB63ED23C3}"
	ProjectSection(WebsiteProperties) = preProject
		TargetFrameworkMoniker = ".NETFramework,Version%3Dv4.0"
		Debug.AspNetCompiler.VirtualPath = "/studentlogin"
		Debug.AspNetCompiler.PhysicalPath = "..\..\WebSites\studentlogin\"
		Debug.AspNetCompiler.TargetPath = "PrecompiledWeb\studentlogin\"
		Debug.AspNetCompiler.Updateable = "true"
		Debug.AspNetCompiler.ForceOverwrite = "true"
		Debug.AspNetCompiler.FixedNames = "false"
		Debug.AspNetCompiler.Debug = "True"
		Release.AspNetCompiler.VirtualPath = "/studentlogin"
		Release.AspNetCompiler.PhysicalPath = "..\..\WebSites\studentlogin\"
		Release.AspNetCompiler.TargetPath = "PrecompiledWeb\studentlogin\"
		Release.AspNetCompiler.Updateable = "true"
		Release.AspNetCompiler.ForceOverwrite = "true"
		Release.AspNetCompiler.FixedNames = "false"
		Release.AspNetCompiler.Debug = "False"
		VWDPort = "54081"
		DefaultWebSiteLanguage = "Visual C#"
	EndProjectSection
EndProject
Global
	GlobalSection(SolutionConfigurationPlatforms) = preSolution
		Debug|Any CPU = Debug|Any CPU
	EndGlobalSection
	GlobalSection(ProjectConfigurationPlatforms) = postSolution
		{071D0366-52DF-4D23-B7AD-F4DB63ED23C3}.Debug|Any CPU.ActiveCfg = Debug|Any CPU
		{071D0366-52DF-4D23-B7AD-F4DB63ED23C3}.Debug|Any CPU.Build.0 = Debug|Any CPU
	EndGlobalSection
	GlobalSection(SolutionProperties) = preSolution
		HideSolutionNode = FALSE
	EndGlobalSection
EndGlobal
